<Solution>
  <Folder Name="/src/">
    <Project Path="src/RelayFlow/RelayFlow.csproj" />
  </Folder>
  <Folder Name="/tests/">
    <Project Path="tests/RelayFlow.Tests/RelayFlow.Tests.csproj" />
  </Folder>
  <Folder Name="/samples/">
    <Project Path="samples/RelayFlow.Sample.Edge/RelayFlow.Sample.Edge.csproj" />
  </Folder>
</Solution>
